
Microsoft Visual Studio Solution File, Format Version 12.00
# Visual Studio Version 16
VisualStudioVersion = 16.0.29403.142
MinimumVisualStudioVersion = 10.0.40219.1
Project("{9A19103F-16F7-4668-BE54-9A1E7A4F7556}") = "YaCloudKit.Core", "YaCloudKit\YaCloudKit.Core.csproj", "{720A4EF8-4C16-41EA-9AEA-BE39EC49F718}"
EndProject
Project("{9A19103F-16F7-4668-BE54-9A1E7A4F7556}") = "YaCloudKit.MQ", "YaCloudKit.MQ\YaCloudKit.MQ.csproj", "{EC003CF3-2892-46FA-BF19-2629E12CCBA9}"
EndProject
Project("{9A19103F-16F7-4668-BE54-9A1E7A4F7556}") = "YaCloudKit.MainTest", "YaCloudKit.MainTest\YaCloudKit.MainTest.csproj", "{1007701A-CFA0-46FE-99F2-B480D01F9563}"
EndProject
Project("{9A19103F-16F7-4668-BE54-9A1E7A4F7556}") = "YaCloudKit.TTS", "YaCloudKit.TTS\YaCloudKit.TTS.csproj", "{E403257A-AAC5-4A94-AD73-6F4D06A70D75}"
EndProject
Project("{9A19103F-16F7-4668-BE54-9A1E7A4F7556}") = "YaCloudKit.IAM", "YaCloudKit.IAM\YaCloudKit.IAM.csproj", "{1BDD4216-326F-4781-AAA2-B08423671472}"
EndProject
Global
	GlobalSection(SolutionConfigurationPlatforms) = preSolution
		Debug|Any CPU = Debug|Any CPU
		Release|Any CPU = Release|Any CPU
	EndGlobalSection
	GlobalSection(ProjectConfigurationPlatforms) = postSolution
		{720A4EF8-4C16-41EA-9AEA-BE39EC49F718}.Debug|Any CPU.ActiveCfg = Debug|Any CPU
		{720A4EF8-4C16-41EA-9AEA-BE39EC49F718}.Debug|Any CPU.Build.0 = Debug|Any CPU
		{720A4EF8-4C16-41EA-9AEA-BE39EC49F718}.Release|Any CPU.ActiveCfg = Release|Any CPU
		{720A4EF8-4C16-41EA-9AEA-BE39EC49F718}.Release|Any CPU.Build.0 = Release|Any CPU
		{EC003CF3-2892-46FA-BF19-2629E12CCBA9}.Debug|Any CPU.ActiveCfg = Debug|Any CPU
		{EC003CF3-2892-46FA-BF19-2629E12CCBA9}.Debug|Any CPU.Build.0 = Debug|Any CPU
		{EC003CF3-2892-46FA-BF19-2629E12CCBA9}.Release|Any CPU.ActiveCfg = Release|Any CPU
		{EC003CF3-2892-46FA-BF19-2629E12CCBA9}.Release|Any CPU.Build.0 = Release|Any CPU
		{1007701A-CFA0-46FE-99F2-B480D01F9563}.Debug|Any CPU.ActiveCfg = Debug|Any CPU
		{1007701A-CFA0-46FE-99F2-B480D01F9563}.Debug|Any CPU.Build.0 = Debug|Any CPU
		{1007701A-CFA0-46FE-99F2-B480D01F9563}.Release|Any CPU.ActiveCfg = Release|Any CPU
		{1007701A-CFA0-46FE-99F2-B480D01F9563}.Release|Any CPU.Build.0 = Release|Any CPU
		{E403257A-AAC5-4A94-AD73-6F4D06A70D75}.Debug|Any CPU.ActiveCfg = Debug|Any CPU
		{E403257A-AAC5-4A94-AD73-6F4D06A70D75}.Debug|Any CPU.Build.0 = Debug|Any CPU
		{E403257A-AAC5-4A94-AD73-6F4D06A70D75}.Release|Any CPU.ActiveCfg = Release|Any CPU
		{E403257A-AAC5-4A94-AD73-6F4D06A70D75}.Release|Any CPU.Build.0 = Release|Any CPU
		{1BDD4216-326F-4781-AAA2-B08423671472}.Debug|Any CPU.ActiveCfg = Debug|Any CPU
		{1BDD4216-326F-4781-AAA2-B08423671472}.Debug|Any CPU.Build.0 = Debug|Any CPU
		{1BDD4216-326F-4781-AAA2-B08423671472}.Release|Any CPU.ActiveCfg = Release|Any CPU
		{1BDD4216-326F-4781-AAA2-B08423671472}.Release|Any CPU.Build.0 = Release|Any CPU
	EndGlobalSection
	GlobalSection(SolutionProperties) = preSolution
		HideSolutionNode = FALSE
	EndGlobalSection
	GlobalSection(ExtensibilityGlobals) = postSolution
		SolutionGuid = {EB60A6CA-F76D-40F9-BFDD-ACA1F097B83D}
	EndGlobalSection
EndGlobal
