
Microsoft Visual Studio Solution File, Format Version 12.00
# Visual Studio Version 17
VisualStudioVersion = 17.2.32505.173
MinimumVisualStudioVersion = 10.0.40219.1
Project("{9A19103F-16F7-4668-BE54-9A1E7A4F7556}") = "YaCloudKit.MQ", "src\MessageQueue\YaCloudKit.MQ\YaCloudKit.MQ.csproj", "{EC003CF3-2892-46FA-BF19-2629E12CCBA9}"
EndProject
Project("{9A19103F-16F7-4668-BE54-9A1E7A4F7556}") = "YaCloudKit.TTS", "src\TextToSpeech\YaCloudKit.TTS\YaCloudKit.TTS.csproj", "{E403257A-AAC5-4A94-AD73-6F4D06A70D75}"
EndProject
Project("{9A19103F-16F7-4668-BE54-9A1E7A4F7556}") = "YaCloudKit.MQ.Transport", "src\MessageQueue\YaCloudKit.MQ.Transport\YaCloudKit.MQ.Transport.csproj", "{B8916BF5-47FC-4E1B-815B-093DF6A1E2B4}"
EndProject
Project("{2150E333-8FDC-42A3-9474-1A3956D46DE8}") = "MessageQueue", "src\MessageQueue", "{9C193C93-C9A9-4921-8BE1-3F52A2395232}"
EndProject
Project("{9A19103F-16F7-4668-BE54-9A1E7A4F7556}") = "YaCloudKit.MQ.Tests", "src\MessageQueue\YaCloudKit.MQ.Tests\YaCloudKit.MQ.Tests.csproj", "{3F849A41-F8DA-430A-BE18-52A8C12FE012}"
EndProject
Project("{2150E333-8FDC-42A3-9474-1A3956D46DE8}") = "TextToSpeech", "src\TextToSpeech", "{092A9018-57BC-42D7-85FD-3D4EA12EFC9D}"
EndProject
Project("{FAE04EC0-301F-11D3-BF4B-00C04F79EFBC}") = "YaCloudKit.TTS.Tests", "src\TextToSpeech\YaCloudKit.TTS.Tests\YaCloudKit.TTS.Tests.csproj", "{80BFD0AD-E1CD-42E8-BFAA-6687844FA735}"
EndProject
Project("{FAE04EC0-301F-11D3-BF4B-00C04F79EFBC}") = "YaCloudKit.MQ.Transport.Tests", "src\MessageQueue\YaCloudKit.MQ.Transport.Tests\YaCloudKit.MQ.Transport.Tests.csproj", "{56762F1C-98AA-4420-B60C-732CA325231F}"
EndProject
Project("{2150E333-8FDC-42A3-9474-1A3956D46DE8}") = "samples", "samples", "{3B55C34B-BA59-4ABB-87C5-59153FF74CB5}"
EndProject
Project("{FAE04EC0-301F-11D3-BF4B-00C04F79EFBC}") = "YaCloudKit.MQ.Examples", "samples\YaCloudKit.MQ.Examples\YaCloudKit.MQ.Examples.csproj", "{0BFD6AEA-01EB-47F3-A9B9-DB5F222877BB}"
EndProject
Project("{FAE04EC0-301F-11D3-BF4B-00C04F79EFBC}") = "YaCloudKit.MQ.Transport.Examples", "samples\YaCloudKit.MQ.Transport.Examples\YaCloudKit.MQ.Transport.Examples.csproj", "{EDBDB339-B140-4832-A54F-004D244808EA}"
EndProject
Project("{FAE04EC0-301F-11D3-BF4B-00C04F79EFBC}") = "YaCloudKit.TTS.Example", "samples\YaCloudKit.TTS.Example\YaCloudKit.TTS.Example.csproj", "{8796825F-8B82-4EDA-B21C-9D552168407B}"
EndProject
Project("{2150E333-8FDC-42A3-9474-1A3956D46DE8}") = "IdentityAccessManagement", "src\IdentityAccessManagement", "{A584AADB-F033-49CE-8740-D75C8B21D387}"
EndProject
Project("{FAE04EC0-301F-11D3-BF4B-00C04F79EFBC}") = "YaCloudKit.IAM", "src\IdentityAccessManagement\YaCloudKit.IAM\YaCloudKit.IAM.csproj", "{6AF165C7-DAA3-4000-9352-994954A9C77D}"
EndProject
Project("{FAE04EC0-301F-11D3-BF4B-00C04F79EFBC}") = "YaCloudKit.IAM.Examples", "samples\YaCloudKit.IAM.Examples\YaCloudKit.IAM.Examples.csproj", "{26E7F91F-B3A5-4EE7-A615-BB524ABFDA74}"
EndProject
Project("{FAE04EC0-301F-11D3-BF4B-00C04F79EFBC}") = "YaCloudKit.IAM.Tests", "src\IdentityAccessManagement\YaCloudKit.IAM.Tests\YaCloudKit.IAM.Tests.csproj", "{E33BAB01-697B-4226-81ED-B47C96ABF0E8}"
EndProject
Project("{2150E333-8FDC-42A3-9474-1A3956D46DE8}") = "Postbox", "src\Postbox", "{8C4A0E1A-081F-4208-BCDC-115029DC9FF0}"
EndProject
Project("{FAE04EC0-301F-11D3-BF4B-00C04F79EFBC}") = "YaCloudKit.Postbox", "src\Postbox\YaCloudKit.Postbox\YaCloudKit.Postbox.csproj", "{7279CD76-4983-46AC-BAAF-5FB55E3D4F45}"
EndProject
Project("{FAE04EC0-301F-11D3-BF4B-00C04F79EFBC}") = "YaCloudKit.Postbox.Examples", "samples\YaCloudKit.Postbox.Examples\YaCloudKit.Postbox.Examples.csproj", "{B4F2DC67-A932-4AB6-B20D-5A858DED75A4}"
EndProject
Project("{2150E333-8FDC-42A3-9474-1A3956D46DE8}") = "CertificateManager ", "CertificateManager ", "{1E3A8F2E-E90B-4900-91B1-581049907861}"
EndProject
Project("{FAE04EC0-301F-11D3-BF4B-00C04F79EFBC}") = "YaCloudKit.CertificateManager", "src\CertificateManager\YaCloudKit.CertificateManager\YaCloudKit.CertificateManager.csproj", "{BD88FC79-11EC-4590-B0EB-744E17F3E64F}"
EndProject
Global
	GlobalSection(SolutionConfigurationPlatforms) = preSolution
		Debug|Any CPU = Debug|Any CPU
		Release|Any CPU = Release|Any CPU
	EndGlobalSection
	GlobalSection(ProjectConfigurationPlatforms) = postSolution
		{EC003CF3-2892-46FA-BF19-2629E12CCBA9}.Debug|Any CPU.ActiveCfg = Debug|Any CPU
		{EC003CF3-2892-46FA-BF19-2629E12CCBA9}.Debug|Any CPU.Build.0 = Debug|Any CPU
		{EC003CF3-2892-46FA-BF19-2629E12CCBA9}.Release|Any CPU.ActiveCfg = Release|Any CPU
		{EC003CF3-2892-46FA-BF19-2629E12CCBA9}.Release|Any CPU.Build.0 = Release|Any CPU
		{E403257A-AAC5-4A94-AD73-6F4D06A70D75}.Debug|Any CPU.ActiveCfg = Debug|Any CPU
		{E403257A-AAC5-4A94-AD73-6F4D06A70D75}.Debug|Any CPU.Build.0 = Debug|Any CPU
		{E403257A-AAC5-4A94-AD73-6F4D06A70D75}.Release|Any CPU.ActiveCfg = Release|Any CPU
		{E403257A-AAC5-4A94-AD73-6F4D06A70D75}.Release|Any CPU.Build.0 = Release|Any CPU
		{B8916BF5-47FC-4E1B-815B-093DF6A1E2B4}.Debug|Any CPU.ActiveCfg = Debug|Any CPU
		{B8916BF5-47FC-4E1B-815B-093DF6A1E2B4}.Debug|Any CPU.Build.0 = Debug|Any CPU
		{B8916BF5-47FC-4E1B-815B-093DF6A1E2B4}.Release|Any CPU.ActiveCfg = Release|Any CPU
		{B8916BF5-47FC-4E1B-815B-093DF6A1E2B4}.Release|Any CPU.Build.0 = Release|Any CPU
		{3F849A41-F8DA-430A-BE18-52A8C12FE012}.Debug|Any CPU.ActiveCfg = Debug|Any CPU
		{3F849A41-F8DA-430A-BE18-52A8C12FE012}.Debug|Any CPU.Build.0 = Debug|Any CPU
		{3F849A41-F8DA-430A-BE18-52A8C12FE012}.Release|Any CPU.ActiveCfg = Release|Any CPU
		{3F849A41-F8DA-430A-BE18-52A8C12FE012}.Release|Any CPU.Build.0 = Release|Any CPU
		{80BFD0AD-E1CD-42E8-BFAA-6687844FA735}.Debug|Any CPU.ActiveCfg = Debug|Any CPU
		{80BFD0AD-E1CD-42E8-BFAA-6687844FA735}.Debug|Any CPU.Build.0 = Debug|Any CPU
		{80BFD0AD-E1CD-42E8-BFAA-6687844FA735}.Release|Any CPU.ActiveCfg = Release|Any CPU
		{80BFD0AD-E1CD-42E8-BFAA-6687844FA735}.Release|Any CPU.Build.0 = Release|Any CPU
		{56762F1C-98AA-4420-B60C-732CA325231F}.Debug|Any CPU.ActiveCfg = Debug|Any CPU
		{56762F1C-98AA-4420-B60C-732CA325231F}.Debug|Any CPU.Build.0 = Debug|Any CPU
		{56762F1C-98AA-4420-B60C-732CA325231F}.Release|Any CPU.ActiveCfg = Release|Any CPU
		{56762F1C-98AA-4420-B60C-732CA325231F}.Release|Any CPU.Build.0 = Release|Any CPU
		{0BFD6AEA-01EB-47F3-A9B9-DB5F222877BB}.Debug|Any CPU.ActiveCfg = Debug|Any CPU
		{0BFD6AEA-01EB-47F3-A9B9-DB5F222877BB}.Debug|Any CPU.Build.0 = Debug|Any CPU
		{0BFD6AEA-01EB-47F3-A9B9-DB5F222877BB}.Release|Any CPU.ActiveCfg = Release|Any CPU
		{0BFD6AEA-01EB-47F3-A9B9-DB5F222877BB}.Release|Any CPU.Build.0 = Release|Any CPU
		{EDBDB339-B140-4832-A54F-004D244808EA}.Debug|Any CPU.ActiveCfg = Debug|Any CPU
		{EDBDB339-B140-4832-A54F-004D244808EA}.Debug|Any CPU.Build.0 = Debug|Any CPU
		{EDBDB339-B140-4832-A54F-004D244808EA}.Release|Any CPU.ActiveCfg = Release|Any CPU
		{EDBDB339-B140-4832-A54F-004D244808EA}.Release|Any CPU.Build.0 = Release|Any CPU
		{8796825F-8B82-4EDA-B21C-9D552168407B}.Debug|Any CPU.ActiveCfg = Debug|Any CPU
		{8796825F-8B82-4EDA-B21C-9D552168407B}.Debug|Any CPU.Build.0 = Debug|Any CPU
		{8796825F-8B82-4EDA-B21C-9D552168407B}.Release|Any CPU.ActiveCfg = Release|Any CPU
		{8796825F-8B82-4EDA-B21C-9D552168407B}.Release|Any CPU.Build.0 = Release|Any CPU
		{7279CD76-4983-46AC-BAAF-5FB55E3D4F45}.Debug|Any CPU.ActiveCfg = Debug|Any CPU
		{7279CD76-4983-46AC-BAAF-5FB55E3D4F45}.Debug|Any CPU.Build.0 = Debug|Any CPU
		{7279CD76-4983-46AC-BAAF-5FB55E3D4F45}.Release|Any CPU.ActiveCfg = Release|Any CPU
		{7279CD76-4983-46AC-BAAF-5FB55E3D4F45}.Release|Any CPU.Build.0 = Release|Any CPU
		{B4F2DC67-A932-4AB6-B20D-5A858DED75A4}.Debug|Any CPU.ActiveCfg = Debug|Any CPU
		{B4F2DC67-A932-4AB6-B20D-5A858DED75A4}.Debug|Any CPU.Build.0 = Debug|Any CPU
		{B4F2DC67-A932-4AB6-B20D-5A858DED75A4}.Release|Any CPU.ActiveCfg = Release|Any CPU
		{B4F2DC67-A932-4AB6-B20D-5A858DED75A4}.Release|Any CPU.Build.0 = Release|Any CPU
		{6AF165C7-DAA3-4000-9352-994954A9C77D}.Debug|Any CPU.ActiveCfg = Debug|Any CPU
		{6AF165C7-DAA3-4000-9352-994954A9C77D}.Debug|Any CPU.Build.0 = Debug|Any CPU
		{6AF165C7-DAA3-4000-9352-994954A9C77D}.Release|Any CPU.ActiveCfg = Release|Any CPU
		{6AF165C7-DAA3-4000-9352-994954A9C77D}.Release|Any CPU.Build.0 = Release|Any CPU
		{26E7F91F-B3A5-4EE7-A615-BB524ABFDA74}.Debug|Any CPU.ActiveCfg = Debug|Any CPU
		{26E7F91F-B3A5-4EE7-A615-BB524ABFDA74}.Debug|Any CPU.Build.0 = Debug|Any CPU
		{26E7F91F-B3A5-4EE7-A615-BB524ABFDA74}.Release|Any CPU.ActiveCfg = Release|Any CPU
		{26E7F91F-B3A5-4EE7-A615-BB524ABFDA74}.Release|Any CPU.Build.0 = Release|Any CPU
		{E33BAB01-697B-4226-81ED-B47C96ABF0E8}.Debug|Any CPU.ActiveCfg = Debug|Any CPU
		{E33BAB01-697B-4226-81ED-B47C96ABF0E8}.Debug|Any CPU.Build.0 = Debug|Any CPU
		{E33BAB01-697B-4226-81ED-B47C96ABF0E8}.Release|Any CPU.ActiveCfg = Release|Any CPU
		{E33BAB01-697B-4226-81ED-B47C96ABF0E8}.Release|Any CPU.Build.0 = Release|Any CPU
		{BD88FC79-11EC-4590-B0EB-744E17F3E64F}.Debug|Any CPU.ActiveCfg = Debug|Any CPU
		{BD88FC79-11EC-4590-B0EB-744E17F3E64F}.Debug|Any CPU.Build.0 = Debug|Any CPU
		{BD88FC79-11EC-4590-B0EB-744E17F3E64F}.Release|Any CPU.ActiveCfg = Release|Any CPU
		{BD88FC79-11EC-4590-B0EB-744E17F3E64F}.Release|Any CPU.Build.0 = Release|Any CPU
	EndGlobalSection
	GlobalSection(SolutionProperties) = preSolution
		HideSolutionNode = FALSE
	EndGlobalSection
	GlobalSection(NestedProjects) = preSolution
		{EC003CF3-2892-46FA-BF19-2629E12CCBA9} = {9C193C93-C9A9-4921-8BE1-3F52A2395232}
		{E403257A-AAC5-4A94-AD73-6F4D06A70D75} = {092A9018-57BC-42D7-85FD-3D4EA12EFC9D}
		{B8916BF5-47FC-4E1B-815B-093DF6A1E2B4} = {9C193C93-C9A9-4921-8BE1-3F52A2395232}
		{3F849A41-F8DA-430A-BE18-52A8C12FE012} = {9C193C93-C9A9-4921-8BE1-3F52A2395232}
		{80BFD0AD-E1CD-42E8-BFAA-6687844FA735} = {092A9018-57BC-42D7-85FD-3D4EA12EFC9D}
		{56762F1C-98AA-4420-B60C-732CA325231F} = {9C193C93-C9A9-4921-8BE1-3F52A2395232}
		{0BFD6AEA-01EB-47F3-A9B9-DB5F222877BB} = {3B55C34B-BA59-4ABB-87C5-59153FF74CB5}
		{EDBDB339-B140-4832-A54F-004D244808EA} = {3B55C34B-BA59-4ABB-87C5-59153FF74CB5}
		{8796825F-8B82-4EDA-B21C-9D552168407B} = {3B55C34B-BA59-4ABB-87C5-59153FF74CB5}
		{6AF165C7-DAA3-4000-9352-994954A9C77D} = {A584AADB-F033-49CE-8740-D75C8B21D387}
		{26E7F91F-B3A5-4EE7-A615-BB524ABFDA74} = {3B55C34B-BA59-4ABB-87C5-59153FF74CB5}
		{E33BAB01-697B-4226-81ED-B47C96ABF0E8} = {A584AADB-F033-49CE-8740-D75C8B21D387}
		{7279CD76-4983-46AC-BAAF-5FB55E3D4F45} = {8C4A0E1A-081F-4208-BCDC-115029DC9FF0}
		{B4F2DC67-A932-4AB6-B20D-5A858DED75A4} = {3B55C34B-BA59-4ABB-87C5-59153FF74CB5}
		{BD88FC79-11EC-4590-B0EB-744E17F3E64F} = {1E3A8F2E-E90B-4900-91B1-581049907861}
	EndGlobalSection
	GlobalSection(ExtensibilityGlobals) = postSolution
		SolutionGuid = {EB60A6CA-F76D-40F9-BFDD-ACA1F097B83D}
	EndGlobalSection
EndGlobal
